<Solution>
  <Folder Name="/src/">
    <Project Path="src/MeetingBookingSystem.API/MeetingBookingSystem.API.csproj" Id="615f8e43-9b10-4573-a2a6-5697bf5d689f" />
    <Project Path="src/MeetingBookingSystem.Client/meetingbookingsystem.client.esproj">
      <Build />
      <Deploy />
    </Project>
  </Folder>
  <Folder Name="/tests/">
    <Project Path="tests/MeetingBookingSystem.Tests/MeetingBookingSystem.Tests.csproj" />
  </Folder>
</Solution>
